
Microsoft Visual Studio Solution File, Format Version 12.00
# Visual Studio Version 16
VisualStudioVersion = 16.0.30503.244
MinimumVisualStudioVersion = 10.0.40219.1
Project("{8BC9CEB8-8B4A-11D0-8D11-00A0C91BC942}") = "Genetic-Algorithm", "Genetic-Algorithm\Genetic-Algorithm.vcxproj", "{FF6384B2-FF96-406E-B47F-EFA38712CE92}"
	ProjectSection(ProjectDependencies) = postProject
		{CAB4C37E-80B8-4F55-8B2D-9433F10B7042} = {CAB4C37E-80B8-4F55-8B2D-9433F10B7042}
	EndProjectSection
EndProject
Project("{8BC9CEB8-8B4A-11D0-8D11-00A0C91BC942}") = "SparkEngine", "SparkEngine\SparkEngine.vcxproj", "{CAB4C37E-80B8-4F55-8B2D-9433F10B7042}"
EndProject
Global
	GlobalSection(SolutionConfigurationPlatforms) = preSolution
		Debug|x64 = Debug|x64
		Debug|x86 = Debug|x86
		Execution|x64 = Execution|x64
		Execution|x86 = Execution|x86
		Release|x64 = Release|x64
		Release|x86 = Release|x86
	EndGlobalSection
	GlobalSection(ProjectConfigurationPlatforms) = postSolution
		{FF6384B2-FF96-406E-B47F-EFA38712CE92}.Debug|x64.ActiveCfg = Debug|x64
		{FF6384B2-FF96-406E-B47F-EFA38712CE92}.Debug|x64.Build.0 = Debug|x64
		{FF6384B2-FF96-406E-B47F-EFA38712CE92}.Debug|x86.ActiveCfg = Debug|Win32
		{FF6384B2-FF96-406E-B47F-EFA38712CE92}.Debug|x86.Build.0 = Debug|Win32
		{FF6384B2-FF96-406E-B47F-EFA38712CE92}.Execution|x64.ActiveCfg = Execution|x64
		{FF6384B2-FF96-406E-B47F-EFA38712CE92}.Execution|x64.Build.0 = Execution|x64
		{FF6384B2-FF96-406E-B47F-EFA38712CE92}.Execution|x86.ActiveCfg = Execution|Win32
		{FF6384B2-FF96-406E-B47F-EFA38712CE92}.Execution|x86.Build.0 = Execution|Win32
		{FF6384B2-FF96-406E-B47F-EFA38712CE92}.Release|x64.ActiveCfg = Release|x64
		{FF6384B2-FF96-406E-B47F-EFA38712CE92}.Release|x64.Build.0 = Release|x64
		{FF6384B2-FF96-406E-B47F-EFA38712CE92}.Release|x86.ActiveCfg = Release|Win32
		{FF6384B2-FF96-406E-B47F-EFA38712CE92}.Release|x86.Build.0 = Release|Win32
		{CAB4C37E-80B8-4F55-8B2D-9433F10B7042}.Debug|x64.ActiveCfg = Debug|x64
		{CAB4C37E-80B8-4F55-8B2D-9433F10B7042}.Debug|x64.Build.0 = Debug|x64
		{CAB4C37E-80B8-4F55-8B2D-9433F10B7042}.Debug|x86.ActiveCfg = Debug|Win32
		{CAB4C37E-80B8-4F55-8B2D-9433F10B7042}.Debug|x86.Build.0 = Debug|Win32
		{CAB4C37E-80B8-4F55-8B2D-9433F10B7042}.Execution|x64.ActiveCfg = Execution|x64
		{CAB4C37E-80B8-4F55-8B2D-9433F10B7042}.Execution|x64.Build.0 = Execution|x64
		{CAB4C37E-80B8-4F55-8B2D-9433F10B7042}.Execution|x86.ActiveCfg = Execution|Win32
		{CAB4C37E-80B8-4F55-8B2D-9433F10B7042}.Execution|x86.Build.0 = Execution|Win32
		{CAB4C37E-80B8-4F55-8B2D-9433F10B7042}.Release|x64.ActiveCfg = Release|x64
		{CAB4C37E-80B8-4F55-8B2D-9433F10B7042}.Release|x64.Build.0 = Release|x64
		{CAB4C37E-80B8-4F55-8B2D-9433F10B7042}.Release|x86.ActiveCfg = Release|Win32
		{CAB4C37E-80B8-4F55-8B2D-9433F10B7042}.Release|x86.Build.0 = Release|Win32
	EndGlobalSection
	GlobalSection(SolutionProperties) = preSolution
		HideSolutionNode = FALSE
	EndGlobalSection
	GlobalSection(ExtensibilityGlobals) = postSolution
		SolutionGuid = {1DDB3F4D-5CEF-46B0-A55D-F2449B304C64}
	EndGlobalSection
EndGlobal
